
Microsoft Visual Studio Solution File, Format Version 12.00
# Visual Studio 15
VisualStudioVersion = 15.0.28307.168
MinimumVisualStudioVersion = 10.0.40219.1
Project("{FAE04EC0-301F-11D3-BF4B-00C04F79EFBC}") = "AngularManagement", "WebApplication1\AngularManagement.csproj", "{45F1C534-0F2C-4105-9E71-2D597CEC7CFB}"
EndProject
Global
	GlobalSection(SolutionConfigurationPlatforms) = preSolution
		Debug|Any CPU = Debug|Any CPU
		Release|Any CPU = Release|Any CPU
	EndGlobalSection
	GlobalSection(ProjectConfigurationPlatforms) = postSolution
		{45F1C534-0F2C-4105-9E71-2D597CEC7CFB}.Debug|Any CPU.ActiveCfg = Debug|Any CPU
		{45F1C534-0F2C-4105-9E71-2D597CEC7CFB}.Debug|Any CPU.Build.0 = Debug|Any CPU
		{45F1C534-0F2C-4105-9E71-2D597CEC7CFB}.Release|Any CPU.ActiveCfg = Release|Any CPU
		{45F1C534-0F2C-4105-9E71-2D597CEC7CFB}.Release|Any CPU.Build.0 = Release|Any CPU
	EndGlobalSection
	GlobalSection(SolutionProperties) = preSolution
		HideSolutionNode = FALSE
	EndGlobalSection
	GlobalSection(ExtensibilityGlobals) = postSolution
		SolutionGuid = {697B53E4-83DC-4615-9E75-B82EAC61D4D9}
	EndGlobalSection
EndGlobal
